
Microsoft Visual Studio Solution File, Format Version 12.00
# Visual Studio 15
VisualStudioVersion = 15.0.26228.9
MinimumVisualStudioVersion = 10.0.40219.1
Project("{2150E333-8FDC-42A3-9474-1A3956D46DE8}") = "src", "src", "{2408EC7B-2E06-46A5-B6AC-D4E985E30CBB}"
EndProject
Project("{2150E333-8FDC-42A3-9474-1A3956D46DE8}") = "Solution Items", "Solution Items", "{DFF21B2A-7F52-448D-8867-D1C4EEAF73A7}"
EndProject
Project("{9A19103F-16F7-4668-BE54-9A1E7A4F7556}") = "IdentityServer", "src\IdentityServerWithAspNetIdentity\IdentityServer.csproj", "{1ECB5581-FFA5-4C11-A491-C85ABD962033}"
	ProjectSection(ProjectDependencies) = postProject
		{0393DE26-CD76-47BE-9C28-A9322A999B5D} = {0393DE26-CD76-47BE-9C28-A9322A999B5D}
	EndProjectSection
EndProject
Project("{2150E333-8FDC-42A3-9474-1A3956D46DE8}") = "Presentation", "Presentation", "{060A4DAE-9708-49A2-88AD-E90E5D7D1016}"
EndProject
Project("{2150E333-8FDC-42A3-9474-1A3956D46DE8}") = "Shared", "Shared", "{E9D46E3F-EE88-4316-8142-497E0F1B35FB}"
EndProject
Project("{2150E333-8FDC-42A3-9474-1A3956D46DE8}") = "BusinessLogic", "BusinessLogic", "{C98ED0AC-BB1F-4522-AA01-083F460CD960}"
EndProject
Project("{2150E333-8FDC-42A3-9474-1A3956D46DE8}") = "Persistence", "Persistence", "{9D65BB13-3AA5-4CD8-B2BD-7FFBEF64E01B}"
EndProject
Project("{9A19103F-16F7-4668-BE54-9A1E7A4F7556}") = "IdentityServer.Authentication", "src\IdentityServer.Authentication\IdentityServer.Authentication.csproj", "{0393DE26-CD76-47BE-9C28-A9322A999B5D}"
EndProject
Project("{9A19103F-16F7-4668-BE54-9A1E7A4F7556}") = "Shared.Abstractions", "src\Abstractions\Shared.Abstractions.csproj", "{E91165CC-D0A1-4676-9C53-955713E3CE84}"
EndProject
Project("{9A19103F-16F7-4668-BE54-9A1E7A4F7556}") = "IdentityServer.Core", "src\IdentityServer.Core\IdentityServer.Core.csproj", "{759F7427-8D16-4FFA-8589-C82911B57D07}"
EndProject
Project("{9A19103F-16F7-4668-BE54-9A1E7A4F7556}") = "IdentityServer.Core.Shared", "src\IdentityServer.Core.Shared\IdentityServer.Core.Shared.csproj", "{9F41633E-C780-4A1D-B434-FDB6E0986967}"
EndProject
Project("{9A19103F-16F7-4668-BE54-9A1E7A4F7556}") = "IdentityServer.Persistence", "src\StudentsManagement.Persistance\IdentityServer.Persistence.csproj", "{259E2185-AD68-4F42-AAF9-86B5EA67783B}"
EndProject
Project("{9A19103F-16F7-4668-BE54-9A1E7A4F7556}") = "IdentityServer.Persistence.EF", "src\StudentsManagement.Persistence.EF\IdentityServer.Persistence.EF.csproj", "{4B1169F4-C473-4D44-8F5D-3D2530B4F60E}"
EndProject
Project("{2150E333-8FDC-42A3-9474-1A3956D46DE8}") = "Domain", "Domain", "{07A481B2-04AF-43E2-AD9F-0E0878B97187}"
EndProject
Project("{9A19103F-16F7-4668-BE54-9A1E7A4F7556}") = "IdentityServer.Domain", "src\Domain\IdentityServer.Domain.csproj", "{20FAB9CF-27F8-4EF6-AECF-BA49D5A7E0BC}"
EndProject
Global
	GlobalSection(SolutionConfigurationPlatforms) = preSolution
		Debug|Any CPU = Debug|Any CPU
		Release|Any CPU = Release|Any CPU
	EndGlobalSection
	GlobalSection(ProjectConfigurationPlatforms) = postSolution
		{1ECB5581-FFA5-4C11-A491-C85ABD962033}.Debug|Any CPU.ActiveCfg = Debug|Any CPU
		{1ECB5581-FFA5-4C11-A491-C85ABD962033}.Debug|Any CPU.Build.0 = Debug|Any CPU
		{1ECB5581-FFA5-4C11-A491-C85ABD962033}.Release|Any CPU.ActiveCfg = Release|Any CPU
		{1ECB5581-FFA5-4C11-A491-C85ABD962033}.Release|Any CPU.Build.0 = Release|Any CPU
		{0393DE26-CD76-47BE-9C28-A9322A999B5D}.Debug|Any CPU.ActiveCfg = Debug|Any CPU
		{0393DE26-CD76-47BE-9C28-A9322A999B5D}.Debug|Any CPU.Build.0 = Debug|Any CPU
		{0393DE26-CD76-47BE-9C28-A9322A999B5D}.Release|Any CPU.ActiveCfg = Release|Any CPU
		{0393DE26-CD76-47BE-9C28-A9322A999B5D}.Release|Any CPU.Build.0 = Release|Any CPU
		{E91165CC-D0A1-4676-9C53-955713E3CE84}.Debug|Any CPU.ActiveCfg = Debug|Any CPU
		{E91165CC-D0A1-4676-9C53-955713E3CE84}.Debug|Any CPU.Build.0 = Debug|Any CPU
		{E91165CC-D0A1-4676-9C53-955713E3CE84}.Release|Any CPU.ActiveCfg = Release|Any CPU
		{E91165CC-D0A1-4676-9C53-955713E3CE84}.Release|Any CPU.Build.0 = Release|Any CPU
		{759F7427-8D16-4FFA-8589-C82911B57D07}.Debug|Any CPU.ActiveCfg = Debug|Any CPU
		{759F7427-8D16-4FFA-8589-C82911B57D07}.Debug|Any CPU.Build.0 = Debug|Any CPU
		{759F7427-8D16-4FFA-8589-C82911B57D07}.Release|Any CPU.ActiveCfg = Release|Any CPU
		{759F7427-8D16-4FFA-8589-C82911B57D07}.Release|Any CPU.Build.0 = Release|Any CPU
		{9F41633E-C780-4A1D-B434-FDB6E0986967}.Debug|Any CPU.ActiveCfg = Debug|Any CPU
		{9F41633E-C780-4A1D-B434-FDB6E0986967}.Debug|Any CPU.Build.0 = Debug|Any CPU
		{9F41633E-C780-4A1D-B434-FDB6E0986967}.Release|Any CPU.ActiveCfg = Release|Any CPU
		{9F41633E-C780-4A1D-B434-FDB6E0986967}.Release|Any CPU.Build.0 = Release|Any CPU
		{259E2185-AD68-4F42-AAF9-86B5EA67783B}.Debug|Any CPU.ActiveCfg = Debug|Any CPU
		{259E2185-AD68-4F42-AAF9-86B5EA67783B}.Debug|Any CPU.Build.0 = Debug|Any CPU
		{259E2185-AD68-4F42-AAF9-86B5EA67783B}.Release|Any CPU.ActiveCfg = Release|Any CPU
		{259E2185-AD68-4F42-AAF9-86B5EA67783B}.Release|Any CPU.Build.0 = Release|Any CPU
		{4B1169F4-C473-4D44-8F5D-3D2530B4F60E}.Debug|Any CPU.ActiveCfg = Debug|Any CPU
		{4B1169F4-C473-4D44-8F5D-3D2530B4F60E}.Debug|Any CPU.Build.0 = Debug|Any CPU
		{4B1169F4-C473-4D44-8F5D-3D2530B4F60E}.Release|Any CPU.ActiveCfg = Release|Any CPU
		{4B1169F4-C473-4D44-8F5D-3D2530B4F60E}.Release|Any CPU.Build.0 = Release|Any CPU
		{20FAB9CF-27F8-4EF6-AECF-BA49D5A7E0BC}.Debug|Any CPU.ActiveCfg = Debug|Any CPU
		{20FAB9CF-27F8-4EF6-AECF-BA49D5A7E0BC}.Debug|Any CPU.Build.0 = Debug|Any CPU
		{20FAB9CF-27F8-4EF6-AECF-BA49D5A7E0BC}.Release|Any CPU.ActiveCfg = Release|Any CPU
		{20FAB9CF-27F8-4EF6-AECF-BA49D5A7E0BC}.Release|Any CPU.Build.0 = Release|Any CPU
	EndGlobalSection
	GlobalSection(SolutionProperties) = preSolution
		HideSolutionNode = FALSE
	EndGlobalSection
	GlobalSection(NestedProjects) = preSolution
		{1ECB5581-FFA5-4C11-A491-C85ABD962033} = {060A4DAE-9708-49A2-88AD-E90E5D7D1016}
		{060A4DAE-9708-49A2-88AD-E90E5D7D1016} = {2408EC7B-2E06-46A5-B6AC-D4E985E30CBB}
		{E9D46E3F-EE88-4316-8142-497E0F1B35FB} = {2408EC7B-2E06-46A5-B6AC-D4E985E30CBB}
		{C98ED0AC-BB1F-4522-AA01-083F460CD960} = {2408EC7B-2E06-46A5-B6AC-D4E985E30CBB}
		{9D65BB13-3AA5-4CD8-B2BD-7FFBEF64E01B} = {2408EC7B-2E06-46A5-B6AC-D4E985E30CBB}
		{0393DE26-CD76-47BE-9C28-A9322A999B5D} = {E9D46E3F-EE88-4316-8142-497E0F1B35FB}
		{E91165CC-D0A1-4676-9C53-955713E3CE84} = {E9D46E3F-EE88-4316-8142-497E0F1B35FB}
		{759F7427-8D16-4FFA-8589-C82911B57D07} = {C98ED0AC-BB1F-4522-AA01-083F460CD960}
		{9F41633E-C780-4A1D-B434-FDB6E0986967} = {C98ED0AC-BB1F-4522-AA01-083F460CD960}
		{259E2185-AD68-4F42-AAF9-86B5EA67783B} = {9D65BB13-3AA5-4CD8-B2BD-7FFBEF64E01B}
		{4B1169F4-C473-4D44-8F5D-3D2530B4F60E} = {9D65BB13-3AA5-4CD8-B2BD-7FFBEF64E01B}
		{07A481B2-04AF-43E2-AD9F-0E0878B97187} = {2408EC7B-2E06-46A5-B6AC-D4E985E30CBB}
		{20FAB9CF-27F8-4EF6-AECF-BA49D5A7E0BC} = {07A481B2-04AF-43E2-AD9F-0E0878B97187}
	EndGlobalSection
	GlobalSection(ExtensibilityGlobals) = postSolution
		SolutionGuid = {7376814F-2867-44AC-BAF9-BD19B502EDBC}
	EndGlobalSection
EndGlobal
