
Microsoft Visual Studio Solution File, Format Version 12.00
# Visual Studio 15
VisualStudioVersion = 15.0.26228.9
MinimumVisualStudioVersion = 10.0.40219.1
Project("{2150E333-8FDC-42A3-9474-1A3956D46DE8}") = "src", "src", "{2408EC7B-2E06-46A5-B6AC-D4E985E30CBB}"
EndProject
Project("{2150E333-8FDC-42A3-9474-1A3956D46DE8}") = "Solution Items", "Solution Items", "{DFF21B2A-7F52-448D-8867-D1C4EEAF73A7}"
EndProject
Project("{2150E333-8FDC-42A3-9474-1A3956D46DE8}") = "Clients", "Clients", "{BABF1C97-CB5C-4AC5-81C6-6A81B0D45E27}"
EndProject
Project("{9A19103F-16F7-4668-BE54-9A1E7A4F7556}") = "Api", "src\Api\Api.csproj", "{7059F655-BBD7-4CA3-9A76-2FF198996DA8}"
EndProject
Project("{9A19103F-16F7-4668-BE54-9A1E7A4F7556}") = "Client", "src\Client\Client.csproj", "{B707F1AF-DD46-45D6-B4C5-BC2E9A3FB9B7}"
EndProject
Project("{9A19103F-16F7-4668-BE54-9A1E7A4F7556}") = "ResourceOwnerClient", "src\ResourceOwnerClient\ResourceOwnerClient.csproj", "{40674C67-6A97-4B85-8154-92AEC74A37A0}"
EndProject
Project("{9A19103F-16F7-4668-BE54-9A1E7A4F7556}") = "MvcClient", "src\MvcClient\MvcClient.csproj", "{4CFB4883-9929-4814-BE22-2E19476CE4A3}"
EndProject
Project("{9A19103F-16F7-4668-BE54-9A1E7A4F7556}") = "IdentityServer", "src\IdentityServerWithAspNetIdentity\IdentityServer.csproj", "{1ECB5581-FFA5-4C11-A491-C85ABD962033}"
EndProject
Project("{2150E333-8FDC-42A3-9474-1A3956D46DE8}") = "Presentation", "Presentation", "{060A4DAE-9708-49A2-88AD-E90E5D7D1016}"
EndProject
Project("{2150E333-8FDC-42A3-9474-1A3956D46DE8}") = "Shared", "Shared", "{E9D46E3F-EE88-4316-8142-497E0F1B35FB}"
EndProject
Project("{2150E333-8FDC-42A3-9474-1A3956D46DE8}") = "BusinessLogic", "BusinessLogic", "{C98ED0AC-BB1F-4522-AA01-083F460CD960}"
EndProject
Project("{2150E333-8FDC-42A3-9474-1A3956D46DE8}") = "Persistence", "Persistence", "{9D65BB13-3AA5-4CD8-B2BD-7FFBEF64E01B}"
EndProject
Project("{9A19103F-16F7-4668-BE54-9A1E7A4F7556}") = "IdentityServer.Authentication", "src\IdentityServer.Authentication\IdentityServer.Authentication.csproj", "{0393DE26-CD76-47BE-9C28-A9322A999B5D}"
EndProject
Project("{9A19103F-16F7-4668-BE54-9A1E7A4F7556}") = "Shared.Abstractions", "src\Abstractions\Shared.Abstractions.csproj", "{E91165CC-D0A1-4676-9C53-955713E3CE84}"
EndProject
Project("{9A19103F-16F7-4668-BE54-9A1E7A4F7556}") = "IdentityServer.Core", "src\IdentityServer.Core\IdentityServer.Core.csproj", "{759F7427-8D16-4FFA-8589-C82911B57D07}"
EndProject
Project("{9A19103F-16F7-4668-BE54-9A1E7A4F7556}") = "IdentityServer.Core.Shared", "src\IdentityServer.Core.Shared\IdentityServer.Core.Shared.csproj", "{9F41633E-C780-4A1D-B434-FDB6E0986967}"
EndProject
Project("{9A19103F-16F7-4668-BE54-9A1E7A4F7556}") = "IdentityServer.Persistence", "src\StudentsManagement.Persistance\IdentityServer.Persistence.csproj", "{259E2185-AD68-4F42-AAF9-86B5EA67783B}"
EndProject
Project("{9A19103F-16F7-4668-BE54-9A1E7A4F7556}") = "IdentityServer.Persistence.EF", "src\StudentsManagement.Persistence.EF\IdentityServer.Persistence.EF.csproj", "{4B1169F4-C473-4D44-8F5D-3D2530B4F60E}"
EndProject
Global
	GlobalSection(SolutionConfigurationPlatforms) = preSolution
		Debug|Any CPU = Debug|Any CPU
		Release|Any CPU = Release|Any CPU
	EndGlobalSection
	GlobalSection(ProjectConfigurationPlatforms) = postSolution
		{7059F655-BBD7-4CA3-9A76-2FF198996DA8}.Debug|Any CPU.ActiveCfg = Debug|Any CPU
		{7059F655-BBD7-4CA3-9A76-2FF198996DA8}.Debug|Any CPU.Build.0 = Debug|Any CPU
		{7059F655-BBD7-4CA3-9A76-2FF198996DA8}.Release|Any CPU.ActiveCfg = Release|Any CPU
		{7059F655-BBD7-4CA3-9A76-2FF198996DA8}.Release|Any CPU.Build.0 = Release|Any CPU
		{B707F1AF-DD46-45D6-B4C5-BC2E9A3FB9B7}.Debug|Any CPU.ActiveCfg = Debug|Any CPU
		{B707F1AF-DD46-45D6-B4C5-BC2E9A3FB9B7}.Debug|Any CPU.Build.0 = Debug|Any CPU
		{B707F1AF-DD46-45D6-B4C5-BC2E9A3FB9B7}.Release|Any CPU.ActiveCfg = Release|Any CPU
		{B707F1AF-DD46-45D6-B4C5-BC2E9A3FB9B7}.Release|Any CPU.Build.0 = Release|Any CPU
		{40674C67-6A97-4B85-8154-92AEC74A37A0}.Debug|Any CPU.ActiveCfg = Debug|Any CPU
		{40674C67-6A97-4B85-8154-92AEC74A37A0}.Debug|Any CPU.Build.0 = Debug|Any CPU
		{40674C67-6A97-4B85-8154-92AEC74A37A0}.Release|Any CPU.ActiveCfg = Release|Any CPU
		{40674C67-6A97-4B85-8154-92AEC74A37A0}.Release|Any CPU.Build.0 = Release|Any CPU
		{4CFB4883-9929-4814-BE22-2E19476CE4A3}.Debug|Any CPU.ActiveCfg = Debug|Any CPU
		{4CFB4883-9929-4814-BE22-2E19476CE4A3}.Debug|Any CPU.Build.0 = Debug|Any CPU
		{4CFB4883-9929-4814-BE22-2E19476CE4A3}.Release|Any CPU.ActiveCfg = Release|Any CPU
		{4CFB4883-9929-4814-BE22-2E19476CE4A3}.Release|Any CPU.Build.0 = Release|Any CPU
		{1ECB5581-FFA5-4C11-A491-C85ABD962033}.Debug|Any CPU.ActiveCfg = Debug|Any CPU
		{1ECB5581-FFA5-4C11-A491-C85ABD962033}.Debug|Any CPU.Build.0 = Debug|Any CPU
		{1ECB5581-FFA5-4C11-A491-C85ABD962033}.Release|Any CPU.ActiveCfg = Release|Any CPU
		{1ECB5581-FFA5-4C11-A491-C85ABD962033}.Release|Any CPU.Build.0 = Release|Any CPU
		{0393DE26-CD76-47BE-9C28-A9322A999B5D}.Debug|Any CPU.ActiveCfg = Debug|Any CPU
		{0393DE26-CD76-47BE-9C28-A9322A999B5D}.Debug|Any CPU.Build.0 = Debug|Any CPU
		{0393DE26-CD76-47BE-9C28-A9322A999B5D}.Release|Any CPU.ActiveCfg = Release|Any CPU
		{0393DE26-CD76-47BE-9C28-A9322A999B5D}.Release|Any CPU.Build.0 = Release|Any CPU
		{E91165CC-D0A1-4676-9C53-955713E3CE84}.Debug|Any CPU.ActiveCfg = Debug|Any CPU
		{E91165CC-D0A1-4676-9C53-955713E3CE84}.Debug|Any CPU.Build.0 = Debug|Any CPU
		{E91165CC-D0A1-4676-9C53-955713E3CE84}.Release|Any CPU.ActiveCfg = Release|Any CPU
		{E91165CC-D0A1-4676-9C53-955713E3CE84}.Release|Any CPU.Build.0 = Release|Any CPU
		{759F7427-8D16-4FFA-8589-C82911B57D07}.Debug|Any CPU.ActiveCfg = Debug|Any CPU
		{759F7427-8D16-4FFA-8589-C82911B57D07}.Debug|Any CPU.Build.0 = Debug|Any CPU
		{759F7427-8D16-4FFA-8589-C82911B57D07}.Release|Any CPU.ActiveCfg = Release|Any CPU
		{759F7427-8D16-4FFA-8589-C82911B57D07}.Release|Any CPU.Build.0 = Release|Any CPU
		{9F41633E-C780-4A1D-B434-FDB6E0986967}.Debug|Any CPU.ActiveCfg = Debug|Any CPU
		{9F41633E-C780-4A1D-B434-FDB6E0986967}.Debug|Any CPU.Build.0 = Debug|Any CPU
		{9F41633E-C780-4A1D-B434-FDB6E0986967}.Release|Any CPU.ActiveCfg = Release|Any CPU
		{9F41633E-C780-4A1D-B434-FDB6E0986967}.Release|Any CPU.Build.0 = Release|Any CPU
		{259E2185-AD68-4F42-AAF9-86B5EA67783B}.Debug|Any CPU.ActiveCfg = Debug|Any CPU
		{259E2185-AD68-4F42-AAF9-86B5EA67783B}.Debug|Any CPU.Build.0 = Debug|Any CPU
		{259E2185-AD68-4F42-AAF9-86B5EA67783B}.Release|Any CPU.ActiveCfg = Release|Any CPU
		{259E2185-AD68-4F42-AAF9-86B5EA67783B}.Release|Any CPU.Build.0 = Release|Any CPU
		{4B1169F4-C473-4D44-8F5D-3D2530B4F60E}.Debug|Any CPU.ActiveCfg = Debug|Any CPU
		{4B1169F4-C473-4D44-8F5D-3D2530B4F60E}.Debug|Any CPU.Build.0 = Debug|Any CPU
		{4B1169F4-C473-4D44-8F5D-3D2530B4F60E}.Release|Any CPU.ActiveCfg = Release|Any CPU
		{4B1169F4-C473-4D44-8F5D-3D2530B4F60E}.Release|Any CPU.Build.0 = Release|Any CPU
	EndGlobalSection
	GlobalSection(SolutionProperties) = preSolution
		HideSolutionNode = FALSE
	EndGlobalSection
	GlobalSection(NestedProjects) = preSolution
		{BABF1C97-CB5C-4AC5-81C6-6A81B0D45E27} = {2408EC7B-2E06-46A5-B6AC-D4E985E30CBB}
		{7059F655-BBD7-4CA3-9A76-2FF198996DA8} = {2408EC7B-2E06-46A5-B6AC-D4E985E30CBB}
		{B707F1AF-DD46-45D6-B4C5-BC2E9A3FB9B7} = {BABF1C97-CB5C-4AC5-81C6-6A81B0D45E27}
		{40674C67-6A97-4B85-8154-92AEC74A37A0} = {BABF1C97-CB5C-4AC5-81C6-6A81B0D45E27}
		{4CFB4883-9929-4814-BE22-2E19476CE4A3} = {BABF1C97-CB5C-4AC5-81C6-6A81B0D45E27}
		{1ECB5581-FFA5-4C11-A491-C85ABD962033} = {060A4DAE-9708-49A2-88AD-E90E5D7D1016}
		{060A4DAE-9708-49A2-88AD-E90E5D7D1016} = {2408EC7B-2E06-46A5-B6AC-D4E985E30CBB}
		{E9D46E3F-EE88-4316-8142-497E0F1B35FB} = {2408EC7B-2E06-46A5-B6AC-D4E985E30CBB}
		{C98ED0AC-BB1F-4522-AA01-083F460CD960} = {2408EC7B-2E06-46A5-B6AC-D4E985E30CBB}
		{9D65BB13-3AA5-4CD8-B2BD-7FFBEF64E01B} = {2408EC7B-2E06-46A5-B6AC-D4E985E30CBB}
		{0393DE26-CD76-47BE-9C28-A9322A999B5D} = {E9D46E3F-EE88-4316-8142-497E0F1B35FB}
		{E91165CC-D0A1-4676-9C53-955713E3CE84} = {E9D46E3F-EE88-4316-8142-497E0F1B35FB}
		{759F7427-8D16-4FFA-8589-C82911B57D07} = {C98ED0AC-BB1F-4522-AA01-083F460CD960}
		{9F41633E-C780-4A1D-B434-FDB6E0986967} = {C98ED0AC-BB1F-4522-AA01-083F460CD960}
		{259E2185-AD68-4F42-AAF9-86B5EA67783B} = {9D65BB13-3AA5-4CD8-B2BD-7FFBEF64E01B}
		{4B1169F4-C473-4D44-8F5D-3D2530B4F60E} = {9D65BB13-3AA5-4CD8-B2BD-7FFBEF64E01B}
	EndGlobalSection
	GlobalSection(ExtensibilityGlobals) = postSolution
		SolutionGuid = {7376814F-2867-44AC-BAF9-BD19B502EDBC}
	EndGlobalSection
EndGlobal
